
Microsoft Visual Studio Solution File, Format Version 12.00
# Visual Studio 15
VisualStudioVersion = 15.0.28307.1433
MinimumVisualStudioVersion = 10.0.40219.1
Project("{FAE04EC0-301F-11D3-BF4B-00C04F79EFBC}") = "System_Management_School", "System_Management_School\System_Management_School.csproj", "{AE47E2C5-6E03-414B-BE18-8F3AC17DFF40}"
EndProject
Global
	GlobalSection(SolutionConfigurationPlatforms) = preSolution
		Debug|Any CPU = Debug|Any CPU
		Release|Any CPU = Release|Any CPU
	EndGlobalSection
	GlobalSection(ProjectConfigurationPlatforms) = postSolution
		{AE47E2C5-6E03-414B-BE18-8F3AC17DFF40}.Debug|Any CPU.ActiveCfg = Debug|Any CPU
		{AE47E2C5-6E03-414B-BE18-8F3AC17DFF40}.Debug|Any CPU.Build.0 = Debug|Any CPU
		{AE47E2C5-6E03-414B-BE18-8F3AC17DFF40}.Release|Any CPU.ActiveCfg = Release|Any CPU
		{AE47E2C5-6E03-414B-BE18-8F3AC17DFF40}.Release|Any CPU.Build.0 = Release|Any CPU
	EndGlobalSection
	GlobalSection(SolutionProperties) = preSolution
		HideSolutionNode = FALSE
	EndGlobalSection
	GlobalSection(ExtensibilityGlobals) = postSolution
		SolutionGuid = {0B265BC0-32C1-4F22-A7E1-91EC08223D90}
	EndGlobalSection
EndGlobal
